// !$*UTF8*$!
{
	archiveVersion = 1;
	classes = {
	};
	objectVersion = 56;
	objects = {

/* Begin PBXBuildFile section */
		D90DF9CA2BE00E82007269B4 /* Scan Text.swift in Sources */ = {isa = PBXBuildFile; fileRef = D90DF9C92BE00E82007269B4 /* Scan Text.swift */; };
		D9A49A482BDEC17800B2AFBC /* UI_LOYANGKUApp.swift in Sources */ = {isa = PBXBuildFile; fileRef = D9A49A472BDEC17800B2AFBC /* UI_LOYANGKUApp.swift */; };
		D9A49A4A2BDEC17800B2AFBC /* ContentView.swift in Sources */ = {isa = PBXBuildFile; fileRef = D9A49A492BDEC17800B2AFBC /* ContentView.swift */; };
		D9A49A4C2BDEC17900B2AFBC /* Assets.xcassets in Resources */ = {isa = PBXBuildFile; fileRef = D9A49A4B2BDEC17900B2AFBC /* Assets.xcassets */; };
		D9A49A4F2BDEC17900B2AFBC /* Preview Assets.xcassets in Resources */ = {isa = PBXBuildFile; fileRef = D9A49A4E2BDEC17900B2AFBC /* Preview Assets.xcassets */; };
		D9A49A592BDEC17900B2AFBC /* UI_LOYANGKUTests.swift in Sources */ = {isa = PBXBuildFile; fileRef = D9A49A582BDEC17900B2AFBC /* UI_LOYANGKUTests.swift */; };
		D9A49A632BDEC17900B2AFBC /* UI_LOYANGKUUITests.swift in Sources */ = {isa = PBXBuildFile; fileRef = D9A49A622BDEC17900B2AFBC /* UI_LOYANGKUUITests.swift */; };
		D9A49A652BDEC17900B2AFBC /* UI_LOYANGKUUITestsLaunchTests.swift in Sources */ = {isa = PBXBuildFile; fileRef = D9A49A642BDEC17900B2AFBC /* UI_LOYANGKUUITestsLaunchTests.swift */; };
		D9A49A722BDEE6F300B2AFBC /* table.swift in Sources */ = {isa = PBXBuildFile; fileRef = D9A49A712BDEE6F300B2AFBC /* table.swift */; };
/* End PBXBuildFile section */

/* Begin PBXContainerItemProxy section */
		D9A49A552BDEC17900B2AFBC /* PBXContainerItemProxy */ = {
			isa = PBXContainerItemProxy;
			containerPortal = D9A49A3C2BDEC17800B2AFBC /* Project object */;
			proxyType = 1;
			remoteGlobalIDString = D9A49A432BDEC17800B2AFBC;
			remoteInfo = "UI LOYANGKU";
		};
		D9A49A5F2BDEC17900B2AFBC /* PBXContainerItemProxy */ = {
			isa = PBXContainerItemProxy;
			containerPortal = D9A49A3C2BDEC17800B2AFBC /* Project object */;
			proxyType = 1;
			remoteGlobalIDString = D9A49A432BDEC17800B2AFBC;
			remoteInfo = "UI LOYANGKU";
		};
/* End PBXContainerItemProxy section */

/* Begin PBXFileReference section */
		D90DF9C92BE00E82007269B4 /* Scan Text.swift */ = {isa = PBXFileReference; lastKnownFileType = sourcecode.swift; path = "Scan Text.swift"; sourceTree = "<group>"; };
		D9A49A442BDEC17800B2AFBC /* UI LOYANGKU.app */ = {isa = PBXFileReference; explicitFileType = wrapper.application; includeInIndex = 0; path = "UI LOYANGKU.app"; sourceTree = BUILT_PRODUCTS_DIR; };
		D9A49A472BDEC17800B2AFBC /* UI_LOYANGKUApp.swift */ = {isa = PBXFileReference; lastKnownFileType = sourcecode.swift; path = UI_LOYANGKUApp.swift; sourceTree = "<group>"; };
		D9A49A492BDEC17800B2AFBC /* ContentView.swift */ = {isa = PBXFileReference; lastKnownFileType = sourcecode.swift; path = ContentView.swift; sourceTree = "<group>"; };
		D9A49A4B2BDEC17900B2AFBC /* Assets.xcassets */ = {isa = PBXFileReference; lastKnownFileType = folder.assetcatalog; path = Assets.xcassets; sourceTree = "<group>"; };
		D9A49A4E2BDEC17900B2AFBC /* Preview Assets.xcassets */ = {isa = PBXFileReference; lastKnownFileType = folder.assetcatalog; path = "Preview Assets.xcassets"; sourceTree = "<group>"; };
		D9A49A542BDEC17900B2AFBC /* UI LOYANGKUTests.xctest */ = {isa = PBXFileReference; explicitFileType = wrapper.cfbundle; includeInIndex = 0; path = "UI LOYANGKUTests.xctest"; sourceTree = BUILT_PRODUCTS_DIR; };
		D9A49A582BDEC17900B2AFBC /* UI_LOYANGKUTests.swift */ = {isa = PBXFileReference; lastKnownFileType = sourcecode.swift; path = UI_LOYANGKUTests.swift; sourceTree = "<group>"; };
		D9A49A5E2BDEC17900B2AFBC /* UI LOYANGKUUITests.xctest */ = {isa = PBXFileReference; explicitFileType = wrapper.cfbundle; includeInIndex = 0; path = "UI LOYANGKUUITests.xctest"; sourceTree = BUILT_PRODUCTS_DIR; };
		D9A49A622BDEC17900B2AFBC /* UI_LOYANGKUUITests.swift */ = {isa = PBXFileReference; lastKnownFileType = sourcecode.swift; path = UI_LOYANGKUUITests.swift; sourceTree = "<group>"; };
		D9A49A642BDEC17900B2AFBC /* UI_LOYANGKUUITestsLaunchTests.swift */ = {isa = PBXFileReference; lastKnownFileType = sourcecode.swift; path = UI_LOYANGKUUITestsLaunchTests.swift; sourceTree = "<group>"; };
		D9A49A712BDEE6F300B2AFBC /* table.swift */ = {isa = PBXFileReference; lastKnownFileType = sourcecode.swift; path = table.swift; sourceTree = "<group>"; };
/* End PBXFileReference section */

/* Begin PBXFrameworksBuildPhase section */
		D9A49A412BDEC17800B2AFBC /* Frameworks */ = {
			isa = PBXFrameworksBuildPhase;
			buildActionMask = 2147483647;
			files = (
			);
			runOnlyForDeploymentPostprocessing = 0;
		};
		D9A49A512BDEC17900B2AFBC /* Frameworks */ = {
			isa = PBXFrameworksBuildPhase;
			buildActionMask = 2147483647;
			files = (
			);
			runOnlyForDeploymentPostprocessing = 0;
		};
		D9A49A5B2BDEC17900B2AFBC /* Frameworks */ = {
			isa = PBXFrameworksBuildPhase;
			buildActionMask = 2147483647;
			files = (
			);
			runOnlyForDeploymentPostprocessing = 0;
		};
/* End PBXFrameworksBuildPhase section */

/* Begin PBXGroup section */
		D9A49A3B2BDEC17800B2AFBC = {
			isa = PBXGroup;
			children = (
				D90DF9C92BE00E82007269B4 /* Scan Text.swift */,
				D9A49A462BDEC17800B2AFBC /* UI LOYANGKU */,
				D9A49A572BDEC17900B2AFBC /* UI LOYANGKUTests */,
				D9A49A612BDEC17900B2AFBC /* UI LOYANGKUUITests */,
				D9A49A452BDEC17800B2AFBC /* Products */,
			);
			sourceTree = "<group>";
		};
		D9A49A452BDEC17800B2AFBC /* Products */ = {
			isa = PBXGroup;
			children = (
				D9A49A442BDEC17800B2AFBC /* UI LOYANGKU.app */,
				D9A49A542BDEC17900B2AFBC /* UI LOYANGKUTests.xctest */,
				D9A49A5E2BDEC17900B2AFBC /* UI LOYANGKUUITests.xctest */,
			);
			name = Products;
			sourceTree = "<group>";
		};
		D9A49A462BDEC17800B2AFBC /* UI LOYANGKU */ = {
			isa = PBXGroup;
			children = (
				D9A49A472BDEC17800B2AFBC /* UI_LOYANGKUApp.swift */,
				D9A49A492BDEC17800B2AFBC /* ContentView.swift */,
				D9A49A712BDEE6F300B2AFBC /* table.swift */,
				D9A49A4B2BDEC17900B2AFBC /* Assets.xcassets */,
				D9A49A4D2BDEC17900B2AFBC /* Preview Content */,
			);
			path = "UI LOYANGKU";
			sourceTree = "<group>";
		};
		D9A49A4D2BDEC17900B2AFBC /* Preview Content */ = {
			isa = PBXGroup;
			children = (
				D9A49A4E2BDEC17900B2AFBC /* Preview Assets.xcassets */,
			);
			path = "Preview Content";
			sourceTree = "<group>";
		};
		D9A49A572BDEC17900B2AFBC /* UI LOYANGKUTests */ = {
			isa = PBXGroup;
			children = (
				D9A49A582BDEC17900B2AFBC /* UI_LOYANGKUTests.swift */,
			);
			path = "UI LOYANGKUTests";
			sourceTree = "<group>";
		};
		D9A49A612BDEC17900B2AFBC /* UI LOYANGKUUITests */ = {
			isa = PBXGroup;
			children = (
				D9A49A622BDEC17900B2AFBC /* UI_LOYANGKUUITests.swift */,
				D9A49A642BDEC17900B2AFBC /* UI_LOYANGKUUITestsLaunchTests.swift */,
			);
			path = "UI LOYANGKUUITests";
			sourceTree = "<group>";
		};
/* End PBXGroup section */

/* Begin PBXNativeTarget section */
		D9A49A432BDEC17800B2AFBC /* UI LOYANGKU */ = {
			isa = PBXNativeTarget;
			buildConfigurationList = D9A49A682BDEC17900B2AFBC /* Build configuration list for PBXNativeTarget "UI LOYANGKU" */;
			buildPhases = (
				D9A49A402BDEC17800B2AFBC /* Sources */,
				D9A49A412BDEC17800B2AFBC /* Frameworks */,
				D9A49A422BDEC17800B2AFBC /* Resources */,
			);
			buildRules = (
			);
			dependencies = (
			);
			name = "UI LOYANGKU";
			productName = "UI LOYANGKU";
			productReference = D9A49A442BDEC17800B2AFBC /* UI LOYANGKU.app */;
			productType = "com.apple.product-type.application";
		};
		D9A49A532BDEC17900B2AFBC /* UI LOYANGKUTests */ = {
			isa = PBXNativeTarget;
			buildConfigurationList = D9A49A6B2BDEC17900B2AFBC /* Build configuration list for PBXNativeTarget "UI LOYANGKUTests" */;
			buildPhases = (
				D9A49A502BDEC17900B2AFBC /* Sources */,
				D9A49A512BDEC17900B2AFBC /* Frameworks */,
				D9A49A522BDEC17900B2AFBC /* Resources */,
			);
			buildRules = (
			);
			dependencies = (
				D9A49A562BDEC17900B2AFBC /* PBXTargetDependency */,
			);
			name = "UI LOYANGKUTests";
			productName = "UI LOYANGKUTests";
			productReference = D9A49A542BDEC17900B2AFBC /* UI LOYANGKUTests.xctest */;
			productType = "com.apple.product-type.bundle.unit-test";
		};
		D9A49A5D2BDEC17900B2AFBC /* UI LOYANGKUUITests */ = {
			isa = PBXNativeTarget;
			buildConfigurationList = D9A49A6E2BDEC17900B2AFBC /* Build configuration list for PBXNativeTarget "UI LOYANGKUUITests" */;
			buildPhases = (
				D9A49A5A2BDEC17900B2AFBC /* Sources */,
				D9A49A5B2BDEC17900B2AFBC /* Frameworks */,
				D9A49A5C2BDEC17900B2AFBC /* Resources */,
			);
			buildRules = (
			);
			dependencies = (
				D9A49A602BDEC17900B2AFBC /* PBXTargetDependency */,
			);
			name = "UI LOYANGKUUITests";
			productName = "UI LOYANGKUUITests";
			productReference = D9A49A5E2BDEC17900B2AFBC /* UI LOYANGKUUITests.xctest */;
			productType = "com.apple.product-type.bundle.ui-testing";
		};
/* End PBXNativeTarget section */

/* Begin PBXProject section */
		D9A49A3C2BDEC17800B2AFBC /* Project object */ = {
			isa = PBXProject;
			attributes = {
				BuildIndependentTargetsInParallel = 1;
				LastSwiftUpdateCheck = 1520;
				LastUpgradeCheck = 1520;
				TargetAttributes = {
					D9A49A432BDEC17800B2AFBC = {
						CreatedOnToolsVersion = 15.2;
					};
					D9A49A532BDEC17900B2AFBC = {
						CreatedOnToolsVersion = 15.2;
						TestTargetID = D9A49A432BDEC17800B2AFBC;
					};
					D9A49A5D2BDEC17900B2AFBC = {
						CreatedOnToolsVersion = 15.2;
						TestTargetID = D9A49A432BDEC17800B2AFBC;
					};
				};
			};
			buildConfigurationList = D9A49A3F2BDEC17800B2AFBC /* Build configuration list for PBXProject "UI LOYANGKU" */;
			compatibilityVersion = "Xcode 14.0";
			developmentRegion = en;
			hasScannedForEncodings = 0;
			knownRegions = (
				en,
				Base,
			);
			mainGroup = D9A49A3B2BDEC17800B2AFBC;
			productRefGroup = D9A49A452BDEC17800B2AFBC /* Products */;
			projectDirPath = "";
			projectRoot = "";
			targets = (
				D9A49A432BDEC17800B2AFBC /* UI LOYANGKU */,
				D9A49A532BDEC17900B2AFBC /* UI LOYANGKUTests */,
				D9A49A5D2BDEC17900B2AFBC /* UI LOYANGKUUITests */,
			);
		};
/* End PBXProject section */

/* Begin PBXResourcesBuildPhase section */
		D9A49A422BDEC17800B2AFBC /* Resources */ = {
			isa = PBXResourcesBuildPhase;
			buildActionMask = 2147483647;
			files = (
				D9A49A4F2BDEC17900B2AFBC /* Preview Assets.xcassets in Resources */,
				D9A49A4C2BDEC17900B2AFBC /* Assets.xcassets in Resources */,
			);
			runOnlyForDeploymentPostprocessing = 0;
		};
		D9A49A522BDEC17900B2AFBC /* Resources */ = {
			isa = PBXResourcesBuildPhase;
			buildActionMask = 2147483647;
			files = (
			);
			runOnlyForDeploymentPostprocessing = 0;
		};
		D9A49A5C2BDEC17900B2AFBC /* Resources */ = {
			isa = PBXResourcesBuildPhase;
			buildActionMask = 2147483647;
			files = (
			);
			runOnlyForDeploymentPostprocessing = 0;
		};
/* End PBXResourcesBuildPhase section */

/* Begin PBXSourcesBuildPhase section */
		D9A49A402BDEC17800B2AFBC /* Sources */ = {
			isa = PBXSourcesBuildPhase;
			buildActionMask = 2147483647;
			files = (
				D90DF9CA2BE00E82007269B4 /* Scan Text.swift in Sources */,
				D9A49A722BDEE6F300B2AFBC /* table.swift in Sources */,
				D9A49A4A2BDEC17800B2AFBC /* ContentView.swift in Sources */,
				D9A49A482BDEC17800B2AFBC /* UI_LOYANGKUApp.swift in Sources */,
			);
			runOnlyForDeploymentPostprocessing = 0;
		};
		D9A49A502BDEC17900B2AFBC /* Sources */ = {
			isa = PBXSourcesBuildPhase;
			buildActionMask = 2147483647;
			files = (
				D9A49A592BDEC17900B2AFBC /* UI_LOYANGKUTests.swift in Sources */,
			);
			runOnlyForDeploymentPostprocessing = 0;
		};
		D9A49A5A2BDEC17900B2AFBC /* Sources */ = {
			isa = PBXSourcesBuildPhase;
			buildActionMask = 2147483647;
			files = (
				D9A49A652BDEC17900B2AFBC /* UI_LOYANGKUUITestsLaunchTests.swift in Sources */,
				D9A49A632BDEC17900B2AFBC /* UI_LOYANGKUUITests.swift in Sources */,
			);
			runOnlyForDeploymentPostprocessing = 0;
		};
/* End PBXSourcesBuildPhase section */

/* Begin PBXTargetDependency section */
		D9A49A562BDEC17900B2AFBC /* PBXTargetDependency */ = {
			isa = PBXTargetDependency;
			target = D9A49A432BDEC17800B2AFBC /* UI LOYANGKU */;
			targetProxy = D9A49A552BDEC17900B2AFBC /* PBXContainerItemProxy */;
		};
		D9A49A602BDEC17900B2AFBC /* PBXTargetDependency */ = {
			isa = PBXTargetDependency;
			target = D9A49A432BDEC17800B2AFBC /* UI LOYANGKU */;
			targetProxy = D9A49A5F2BDEC17900B2AFBC /* PBXContainerItemProxy */;
		};
/* End PBXTargetDependency section */

/* Begin XCBuildConfiguration section */
		D9A49A662BDEC17900B2AFBC /* Debug */ = {
			isa = XCBuildConfiguration;
			buildSettings = {
				ALWAYS_SEARCH_USER_PATHS = NO;
				ASSETCATALOG_COMPILER_GENERATE_SWIFT_ASSET_SYMBOL_EXTENSIONS = YES;
				CLANG_ANALYZER_NONNULL = YES;
				CLANG_ANALYZER_NUMBER_OBJECT_CONVERSION = YES_AGGRESSIVE;
				CLANG_CXX_LANGUAGE_STANDARD = "gnu++20";
				CLANG_ENABLE_MODULES = YES;
				CLANG_ENABLE_OBJC_ARC = YES;
				CLANG_ENABLE_OBJC_WEAK = YES;
				CLANG_WARN_BLOCK_CAPTURE_AUTORELEASING = YES;
				CLANG_WARN_BOOL_CONVERSION = YES;
				CLANG_WARN_COMMA = YES;
				CLANG_WARN_CONSTANT_CONVERSION = YES;
				CLANG_WARN_DEPRECATED_OBJC_IMPLEMENTATIONS = YES;
				CLANG_WARN_DIRECT_OBJC_ISA_USAGE = YES_ERROR;
				CLANG_WARN_DOCUMENTATION_COMMENTS = YES;
				CLANG_WARN_EMPTY_BODY = YES;
				CLANG_WARN_ENUM_CONVERSION = YES;
				CLANG_WARN_INFINITE_RECURSION = YES;
				CLANG_WARN_INT_CONVERSION = YES;
				CLANG_WARN_NON_LITERAL_NULL_CONVERSION = YES;
				CLANG_WARN_OBJC_IMPLICIT_RETAIN_SELF = YES;
				CLANG_WARN_OBJC_LITERAL_CONVERSION = YES;
				CLANG_WARN_OBJC_ROOT_CLASS = YES_ERROR;
				CLANG_WARN_QUOTED_INCLUDE_IN_FRAMEWORK_HEADER = YES;
				CLANG_WARN_RANGE_LOOP_ANALYSIS = YES;
				CLANG_WARN_STRICT_PROTOTYPES = YES;
				CLANG_WARN_SUSPICIOUS_MOVE = YES;
				CLANG_WARN_UNGUARDED_AVAILABILITY = YES_AGGRESSIVE;
				CLANG_WARN_UNREACHABLE_CODE = YES;
				CLANG_WARN__DUPLICATE_METHOD_MATCH = YES;
				COPY_PHASE_STRIP = NO;
				DEBUG_INFORMATION_FORMAT = dwarf;
				ENABLE_STRICT_OBJC_MSGSEND = YES;
				ENABLE_TESTABILITY = YES;
				ENABLE_USER_SCRIPT_SANDBOXING = YES;
				GCC_C_LANGUAGE_STANDARD = gnu17;
				GCC_DYNAMIC_NO_PIC = NO;
				GCC_NO_COMMON_BLOCKS = YES;
				GCC_OPTIMIZATION_LEVEL = 0;
				GCC_PREPROCESSOR_DEFINITIONS = (
					"DEBUG=1",
					"$(inherited)",
				);
				GCC_WARN_64_TO_32_BIT_CONVERSION = YES;
				GCC_WARN_ABOUT_RETURN_TYPE = YES_ERROR;
				GCC_WARN_UNDECLARED_SELECTOR = YES;
				GCC_WARN_UNINITIALIZED_AUTOS = YES_AGGRESSIVE;
				GCC_WARN_UNUSED_FUNCTION = YES;
				GCC_WARN_UNUSED_VARIABLE = YES;
				IPHONEOS_DEPLOYMENT_TARGET = 17.2;
				LOCALIZATION_PREFERS_STRING_CATALOGS = YES;
				MTL_ENABLE_DEBUG_INFO = INCLUDE_SOURCE;
				MTL_FAST_MATH = YES;
				ONLY_ACTIVE_ARCH = YES;
				SDKROOT = iphoneos;
				SWIFT_ACTIVE_COMPILATION_CONDITIONS = "DEBUG $(inherited)";
				SWIFT_OPTIMIZATION_LEVEL = "-Onone";
			};
			name = Debug;
		};
		D9A49A672BDEC17900B2AFBC /* Release */ = {
			isa = XCBuildConfiguration;
			buildSettings = {
				ALWAYS_SEARCH_USER_PATHS = NO;
				ASSETCATALOG_COMPILER_GENERATE_SWIFT_ASSET_SYMBOL_EXTENSIONS = YES;
				CLANG_ANALYZER_NONNULL = YES;
				CLANG_ANALYZER_NUMBER_OBJECT_CONVERSION = YES_AGGRESSIVE;
				CLANG_CXX_LANGUAGE_STANDARD = "gnu++20";
				CLANG_ENABLE_MODULES = YES;
				CLANG_ENABLE_OBJC_ARC = YES;
				CLANG_ENABLE_OBJC_WEAK = YES;
				CLANG_WARN_BLOCK_CAPTURE_AUTORELEASING = YES;
				CLANG_WARN_BOOL_CONVERSION = YES;
				CLANG_WARN_COMMA = YES;
				CLANG_WARN_CONSTANT_CONVERSION = YES;
				CLANG_WARN_DEPRECATED_OBJC_IMPLEMENTATIONS = YES;
				CLANG_WARN_DIRECT_OBJC_ISA_USAGE = YES_ERROR;
				CLANG_WARN_DOCUMENTATION_COMMENTS = YES;
				CLANG_WARN_EMPTY_BODY = YES;
				CLANG_WARN_ENUM_CONVERSION = YES;
				CLANG_WARN_INFINITE_RECURSION = YES;
				CLANG_WARN_INT_CONVERSION = YES;
				CLANG_WARN_NON_LITERAL_NULL_CONVERSION = YES;
				CLANG_WARN_OBJC_IMPLICIT_RETAIN_SELF = YES;
				CLANG_WARN_OBJC_LITERAL_CONVERSION = YES;
				CLANG_WARN_OBJC_ROOT_CLASS = YES_ERROR;
				CLANG_WARN_QUOTED_INCLUDE_IN_FRAMEWORK_HEADER = YES;
				CLANG_WARN_RANGE_LOOP_ANALYSIS = YES;
				CLANG_WARN_STRICT_PROTOTYPES = YES;
				CLANG_WARN_SUSPICIOUS_MOVE = YES;
				CLANG_WARN_UNGUARDED_AVAILABILITY = YES_AGGRESSIVE;
				CLANG_WARN_UNREACHABLE_CODE = YES;
				CLANG_WARN__DUPLICATE_METHOD_MATCH = YES;
				COPY_PHASE_STRIP = NO;
				DEBUG_INFORMATION_FORMAT = "dwarf-with-dsym";
				ENABLE_NS_ASSERTIONS = NO;
				ENABLE_STRICT_OBJC_MSGSEND = YES;
				ENABLE_USER_SCRIPT_SANDBOXING = YES;
				GCC_C_LANGUAGE_STANDARD = gnu17;
				GCC_NO_COMMON_BLOCKS = YES;
				GCC_WARN_64_TO_32_BIT_CONVERSION = YES;
				GCC_WARN_ABOUT_RETURN_TYPE = YES_ERROR;
				GCC_WARN_UNDECLARED_SELECTOR = YES;
				GCC_WARN_UNINITIALIZED_AUTOS = YES_AGGRESSIVE;
				GCC_WARN_UNUSED_FUNCTION = YES;
				GCC_WARN_UNUSED_VARIABLE = YES;
				IPHONEOS_DEPLOYMENT_TARGET = 17.2;
				LOCALIZATION_PREFERS_STRING_CATALOGS = YES;
				MTL_ENABLE_DEBUG_INFO = NO;
				MTL_FAST_MATH = YES;
				SDKROOT = iphoneos;
				SWIFT_COMPILATION_MODE = wholemodule;
				VALIDATE_PRODUCT = YES;
			};
			name = Release;
		};
		D9A49A692BDEC17900B2AFBC /* Debug */ = {
			isa = XCBuildConfiguration;
			buildSettings = {
				ASSETCATALOG_COMPILER_APPICON_NAME = AppIcon;
				ASSETCATALOG_COMPILER_GLOBAL_ACCENT_COLOR_NAME = AccentColor;
				CODE_SIGN_STYLE = Automatic;
				CURRENT_PROJECT_VERSION = 1;
				DEVELOPMENT_ASSET_PATHS = "\"UI LOYANGKU/Preview Content\"";
				DEVELOPMENT_TEAM = J44YP99CCP;
				ENABLE_PREVIEWS = YES;
				GENERATE_INFOPLIST_FILE = YES;
				INFOPLIST_FILE = "";
				INFOPLIST_KEY_NSCameraUsageDescription = "Aplikasi ini butuh camera";
				INFOPLIST_KEY_UIApplicationSceneManifest_Generation = YES;
				INFOPLIST_KEY_UIApplicationSupportsIndirectInputEvents = YES;
				INFOPLIST_KEY_UILaunchScreen_Generation = YES;
				INFOPLIST_KEY_UISupportedInterfaceOrientations_iPad = "UIInterfaceOrientationPortrait UIInterfaceOrientationPortraitUpsideDown UIInterfaceOrientationLandscapeLeft UIInterfaceOrientationLandscapeRight";
				INFOPLIST_KEY_UISupportedInterfaceOrientations_iPhone = "UIInterfaceOrientationPortrait UIInterfaceOrientationLandscapeLeft UIInterfaceOrientationLandscapeRight";
				IPHONEOS_DEPLOYMENT_TARGET = 17.2;
				LD_RUNPATH_SEARCH_PATHS = (
					"$(inherited)",
					"@executable_path/Frameworks",
				);
				MARKETING_VERSION = 1.0;
				PRODUCT_BUNDLE_IDENTIFIER = "rocca.UI-LOYANGKU";
				PRODUCT_NAME = "$(TARGET_NAME)";
				SWIFT_EMIT_LOC_STRINGS = YES;
				SWIFT_VERSION = 5.0;
				TARGETED_DEVICE_FAMILY = "1,2";
			};
			name = Debug;
		};
		D9A49A6A2BDEC17900B2AFBC /* Release */ = {
			isa = XCBuildConfiguration;
			buildSettings = {
				ASSETCATALOG_COMPILER_APPICON_NAME = AppIcon;
				ASSETCATALOG_COMPILER_GLOBAL_ACCENT_COLOR_NAME = AccentColor;
				CODE_SIGN_STYLE = Automatic;
				CURRENT_PROJECT_VERSION = 1;
				DEVELOPMENT_ASSET_PATHS = "\"UI LOYANGKU/Preview Content\"";
				DEVELOPMENT_TEAM = J44YP99CCP;
				ENABLE_PREVIEWS = YES;
				GENERATE_INFOPLIST_FILE = YES;
				INFOPLIST_FILE = "";
				INFOPLIST_KEY_NSCameraUsageDescription = "Aplikasi ini butuh camera";
				INFOPLIST_KEY_UIApplicationSceneManifest_Generation = YES;
				INFOPLIST_KEY_UIApplicationSupportsIndirectInputEvents = YES;
				INFOPLIST_KEY_UILaunchScreen_Generation = YES;
				INFOPLIST_KEY_UISupportedInterfaceOrientations_iPad = "UIInterfaceOrientationPortrait UIInterfaceOrientationPortraitUpsideDown UIInterfaceOrientationLandscapeLeft UIInterfaceOrientationLandscapeRight";
				INFOPLIST_KEY_UISupportedInterfaceOrientations_iPhone = "UIInterfaceOrientationPortrait UIInterfaceOrientationLandscapeLeft UIInterfaceOrientationLandscapeRight";
				IPHONEOS_DEPLOYMENT_TARGET = 17.2;
				LD_RUNPATH_SEARCH_PATHS = (
					"$(inherited)",
					"@executable_path/Frameworks",
				);
				MARKETING_VERSION = 1.0;
				PRODUCT_BUNDLE_IDENTIFIER = "rocca.UI-LOYANGKU";
				PRODUCT_NAME = "$(TARGET_NAME)";
				SWIFT_EMIT_LOC_STRINGS = YES;
				SWIFT_VERSION = 5.0;
				TARGETED_DEVICE_FAMILY = "1,2";
			};
			name = Release;
		};
		D9A49A6C2BDEC17900B2AFBC /* Debug */ = {
			isa = XCBuildConfiguration;
			buildSettings = {
				ALWAYS_EMBED_SWIFT_STANDARD_LIBRARIES = YES;
				BUNDLE_LOADER = "$(TEST_HOST)";
				CODE_SIGN_STYLE = Automatic;
				CURRENT_PROJECT_VERSION = 1;
				DEVELOPMENT_TEAM = J44YP99CCP;
				GENERATE_INFOPLIST_FILE = YES;
				IPHONEOS_DEPLOYMENT_TARGET = 17.2;
				MARKETING_VERSION = 1.0;
				PRODUCT_BUNDLE_IDENTIFIER = "rocca.UI-LOYANGKUTests";
				PRODUCT_NAME = "$(TARGET_NAME)";
				SWIFT_EMIT_LOC_STRINGS = NO;
				SWIFT_VERSION = 5.0;
				TARGETED_DEVICE_FAMILY = "1,2";
				TEST_HOST = "$(BUILT_PRODUCTS_DIR)/UI LOYANGKU.app/$(BUNDLE_EXECUTABLE_FOLDER_PATH)/UI LOYANGKU";
			};
			name = Debug;
		};
		D9A49A6D2BDEC17900B2AFBC /* Release */ = {
			isa = XCBuildConfiguration;
			buildSettings = {
				ALWAYS_EMBED_SWIFT_STANDARD_LIBRARIES = YES;
				BUNDLE_LOADER = "$(TEST_HOST)";
				CODE_SIGN_STYLE = Automatic;
				CURRENT_PROJECT_VERSION = 1;
				DEVELOPMENT_TEAM = J44YP99CCP;
				GENERATE_INFOPLIST_FILE = YES;
				IPHONEOS_DEPLOYMENT_TARGET = 17.2;
				MARKETING_VERSION = 1.0;
				PRODUCT_BUNDLE_IDENTIFIER = "rocca.UI-LOYANGKUTests";
				PRODUCT_NAME = "$(TARGET_NAME)";
				SWIFT_EMIT_LOC_STRINGS = NO;
				SWIFT_VERSION = 5.0;
				TARGETED_DEVICE_FAMILY = "1,2";
				TEST_HOST = "$(BUILT_PRODUCTS_DIR)/UI LOYANGKU.app/$(BUNDLE_EXECUTABLE_FOLDER_PATH)/UI LOYANGKU";
			};
			name = Release;
		};
		D9A49A6F2BDEC17900B2AFBC /* Debug */ = {
			isa = XCBuildConfiguration;
			buildSettings = {
				ALWAYS_EMBED_SWIFT_STANDARD_LIBRARIES = YES;
				CODE_SIGN_STYLE = Automatic;
				CURRENT_PROJECT_VERSION = 1;
				DEVELOPMENT_TEAM = J44YP99CCP;
				GENERATE_INFOPLIST_FILE = YES;
				IPHONEOS_DEPLOYMENT_TARGET = 17.2;
				MARKETING_VERSION = 1.0;
				PRODUCT_BUNDLE_IDENTIFIER = "rocca.UI-LOYANGKUUITests";
				PRODUCT_NAME = "$(TARGET_NAME)";
				SWIFT_EMIT_LOC_STRINGS = NO;
				SWIFT_VERSION = 5.0;
				TARGETED_DEVICE_FAMILY = "1,2";
				TEST_TARGET_NAME = "UI LOYANGKU";
			};
			name = Debug;
		};
		D9A49A702BDEC17900B2AFBC /* Release */ = {
			isa = XCBuildConfiguration;
			buildSettings = {
				ALWAYS_EMBED_SWIFT_STANDARD_LIBRARIES = YES;
				CODE_SIGN_STYLE = Automatic;
				CURRENT_PROJECT_VERSION = 1;
				DEVELOPMENT_TEAM = J44YP99CCP;
				GENERATE_INFOPLIST_FILE = YES;
				IPHONEOS_DEPLOYMENT_TARGET = 17.2;
				MARKETING_VERSION = 1.0;
				PRODUCT_BUNDLE_IDENTIFIER = "rocca.UI-LOYANGKUUITests";
				PRODUCT_NAME = "$(TARGET_NAME)";
				SWIFT_EMIT_LOC_STRINGS = NO;
				SWIFT_VERSION = 5.0;
				TARGETED_DEVICE_FAMILY = "1,2";
				TEST_TARGET_NAME = "UI LOYANGKU";
			};
			name = Release;
		};
/* End XCBuildConfiguration section */

/* Begin XCConfigurationList section */
		D9A49A3F2BDEC17800B2AFBC /* Build configuration list for PBXProject "UI LOYANGKU" */ = {
			isa = XCConfigurationList;
			buildConfigurations = (
				D9A49A662BDEC17900B2AFBC /* Debug */,
				D9A49A672BDEC17900B2AFBC /* Release */,
			);
			defaultConfigurationIsVisible = 0;
			defaultConfigurationName = Release;
		};
		D9A49A682BDEC17900B2AFBC /* Build configuration list for PBXNativeTarget "UI LOYANGKU" */ = {
			isa = XCConfigurationList;
			buildConfigurations = (
				D9A49A692BDEC17900B2AFBC /* Debug */,
				D9A49A6A2BDEC17900B2AFBC /* Release */,
			);
			defaultConfigurationIsVisible = 0;
			defaultConfigurationName = Release;
		};
		D9A49A6B2BDEC17900B2AFBC /* Build configuration list for PBXNativeTarget "UI LOYANGKUTests" */ = {
			isa = XCConfigurationList;
			buildConfigurations = (
				D9A49A6C2BDEC17900B2AFBC /* Debug */,
				D9A49A6D2BDEC17900B2AFBC /* Release */,
			);
			defaultConfigurationIsVisible = 0;
			defaultConfigurationName = Release;
		};
		D9A49A6E2BDEC17900B2AFBC /* Build configuration list for PBXNativeTarget "UI LOYANGKUUITests" */ = {
			isa = XCConfigurationList;
			buildConfigurations = (
				D9A49A6F2BDEC17900B2AFBC /* Debug */,
				D9A49A702BDEC17900B2AFBC /* Release */,
			);
			defaultConfigurationIsVisible = 0;
			defaultConfigurationName = Release;
		};
/* End XCConfigurationList section */
	};
	rootObject = D9A49A3C2BDEC17800B2AFBC /* Project object */;
}
